
Microsoft Visual Studio Solution File, Format Version 12.00
# Visual Studio Version 16
VisualStudioVersion = 16.0.30611.23
MinimumVisualStudioVersion = 10.0.40219.1
Project("{FAE04EC0-301F-11D3-BF4B-00C04F79EFBC}") = "MiYALAB.CSharp", "MiYALAB.CSharp\MiYALAB.CSharp.csproj", "{972627C8-B0B1-410B-A696-28164B54CAF2}"
EndProject
Project("{FAE04EC0-301F-11D3-BF4B-00C04F79EFBC}") = "LibCheck", "LibCheck\LibCheck.csproj", "{E226DF68-4F36-40F2-A544-3CFCEE324EF3}"
EndProject
Project("{FAE04EC0-301F-11D3-BF4B-00C04F79EFBC}") = "test", "test\test.csproj", "{D4DEC592-8B48-4D31-BD2C-25305C148A47}"
EndProject
Global
	GlobalSection(SolutionConfigurationPlatforms) = preSolution
		Debug|Any CPU = Debug|Any CPU
		Release|Any CPU = Release|Any CPU
	EndGlobalSection
	GlobalSection(ProjectConfigurationPlatforms) = postSolution
		{972627C8-B0B1-410B-A696-28164B54CAF2}.Debug|Any CPU.ActiveCfg = Debug|Any CPU
		{972627C8-B0B1-410B-A696-28164B54CAF2}.Debug|Any CPU.Build.0 = Debug|Any CPU
		{972627C8-B0B1-410B-A696-28164B54CAF2}.Release|Any CPU.ActiveCfg = Release|Any CPU
		{972627C8-B0B1-410B-A696-28164B54CAF2}.Release|Any CPU.Build.0 = Release|Any CPU
		{E226DF68-4F36-40F2-A544-3CFCEE324EF3}.Debug|Any CPU.ActiveCfg = Debug|Any CPU
		{E226DF68-4F36-40F2-A544-3CFCEE324EF3}.Debug|Any CPU.Build.0 = Debug|Any CPU
		{E226DF68-4F36-40F2-A544-3CFCEE324EF3}.Release|Any CPU.ActiveCfg = Release|Any CPU
		{E226DF68-4F36-40F2-A544-3CFCEE324EF3}.Release|Any CPU.Build.0 = Release|Any CPU
		{D4DEC592-8B48-4D31-BD2C-25305C148A47}.Debug|Any CPU.ActiveCfg = Debug|Any CPU
		{D4DEC592-8B48-4D31-BD2C-25305C148A47}.Debug|Any CPU.Build.0 = Debug|Any CPU
		{D4DEC592-8B48-4D31-BD2C-25305C148A47}.Release|Any CPU.ActiveCfg = Release|Any CPU
		{D4DEC592-8B48-4D31-BD2C-25305C148A47}.Release|Any CPU.Build.0 = Release|Any CPU
	EndGlobalSection
	GlobalSection(SolutionProperties) = preSolution
		HideSolutionNode = FALSE
	EndGlobalSection
	GlobalSection(ExtensibilityGlobals) = postSolution
		SolutionGuid = {DA2F6E43-E0FF-4B33-B028-B18DD7DD6791}
	EndGlobalSection
EndGlobal
